
Microsoft Visual Studio Solution File, Format Version 12.00
# Visual Studio Version 16
VisualStudioVersion = 16.0.29409.12
MinimumVisualStudioVersion = 10.0.40219.1
Project("{FAE04EC0-301F-11D3-BF4B-00C04F79EFBC}") = "Spoops", "Spoops\Spoops.csproj", "{ABDEA775-FD62-4F91-91A2-267D2FA40608}"
EndProject
Global
	GlobalSection(SolutionConfigurationPlatforms) = preSolution
		Debug|Any CPU = Debug|Any CPU
		Release|Any CPU = Release|Any CPU
	EndGlobalSection
	GlobalSection(ProjectConfigurationPlatforms) = postSolution
		{ABDEA775-FD62-4F91-91A2-267D2FA40608}.Debug|Any CPU.ActiveCfg = Debug|Any CPU
		{ABDEA775-FD62-4F91-91A2-267D2FA40608}.Debug|Any CPU.Build.0 = Debug|Any CPU
		{ABDEA775-FD62-4F91-91A2-267D2FA40608}.Release|Any CPU.ActiveCfg = Release|Any CPU
		{ABDEA775-FD62-4F91-91A2-267D2FA40608}.Release|Any CPU.Build.0 = Release|Any CPU
	EndGlobalSection
	GlobalSection(SolutionProperties) = preSolution
		HideSolutionNode = FALSE
	EndGlobalSection
	GlobalSection(ExtensibilityGlobals) = postSolution
		SolutionGuid = {6F483DBC-4618-44E1-A240-42038CD9C1DF}
	EndGlobalSection
EndGlobal
